
Microsoft Visual Studio Solution File, Format Version 12.00
# Visual Studio Version 16
VisualStudioVersion = 16.0.32126.315
MinimumVisualStudioVersion = 10.0.40219.1
Project("{FAE04EC0-301F-11D3-BF4B-00C04F79EFBC}") = "AzureAppPipelineTest", "AzureAppPipelineTest\AzureAppPipelineTest.csproj", "{D0A4F215-953E-45C9-BF2C-F6EFF56BB52A}"
EndProject
Project("{FAE04EC0-301F-11D3-BF4B-00C04F79EFBC}") = "AzureAppPipelineTest.Tests", "AzureAppPipelineTest.Tests\AzureAppPipelineTest.Tests.csproj", "{DA50AA85-37F8-40F1-A6A0-51E753E26893}"
EndProject
Global
	GlobalSection(SolutionConfigurationPlatforms) = preSolution
		Debug|Any CPU = Debug|Any CPU
		Release|Any CPU = Release|Any CPU
	EndGlobalSection
	GlobalSection(ProjectConfigurationPlatforms) = postSolution
		{D0A4F215-953E-45C9-BF2C-F6EFF56BB52A}.Debug|Any CPU.ActiveCfg = Debug|Any CPU
		{D0A4F215-953E-45C9-BF2C-F6EFF56BB52A}.Debug|Any CPU.Build.0 = Debug|Any CPU
		{D0A4F215-953E-45C9-BF2C-F6EFF56BB52A}.Release|Any CPU.ActiveCfg = Release|Any CPU
		{D0A4F215-953E-45C9-BF2C-F6EFF56BB52A}.Release|Any CPU.Build.0 = Release|Any CPU
		{DA50AA85-37F8-40F1-A6A0-51E753E26893}.Debug|Any CPU.ActiveCfg = Debug|Any CPU
		{DA50AA85-37F8-40F1-A6A0-51E753E26893}.Debug|Any CPU.Build.0 = Debug|Any CPU
		{DA50AA85-37F8-40F1-A6A0-51E753E26893}.Release|Any CPU.ActiveCfg = Release|Any CPU
		{DA50AA85-37F8-40F1-A6A0-51E753E26893}.Release|Any CPU.Build.0 = Release|Any CPU
	EndGlobalSection
	GlobalSection(SolutionProperties) = preSolution
		HideSolutionNode = FALSE
	EndGlobalSection
	GlobalSection(ExtensibilityGlobals) = postSolution
		SolutionGuid = {EA87A0AE-E523-4B50-B58C-A642778860A1}
	EndGlobalSection
EndGlobal
